
Microsoft Visual Studio Solution File, Format Version 12.00
# Visual Studio Version 17
VisualStudioVersion = 17.8.34511.84
MinimumVisualStudioVersion = 10.0.40219.1
Project("{FAE04EC0-301F-11D3-BF4B-00C04F79EFBC}") = "VivesBlog.Ui.Mvc", "VivesBlog.Ui.Mvc\VivesBlog.Ui.Mvc.csproj", "{075CA47C-CD9E-4403-BA0B-5A27819501C9}"
EndProject
Global
	GlobalSection(SolutionConfigurationPlatforms) = preSolution
		Debug|Any CPU = Debug|Any CPU
		Release|Any CPU = Release|Any CPU
	EndGlobalSection
	GlobalSection(ProjectConfigurationPlatforms) = postSolution
		{075CA47C-CD9E-4403-BA0B-5A27819501C9}.Debug|Any CPU.ActiveCfg = Debug|Any CPU
		{075CA47C-CD9E-4403-BA0B-5A27819501C9}.Debug|Any CPU.Build.0 = Debug|Any CPU
		{075CA47C-CD9E-4403-BA0B-5A27819501C9}.Release|Any CPU.ActiveCfg = Release|Any CPU
		{075CA47C-CD9E-4403-BA0B-5A27819501C9}.Release|Any CPU.Build.0 = Release|Any CPU
	EndGlobalSection
	GlobalSection(SolutionProperties) = preSolution
		HideSolutionNode = FALSE
	EndGlobalSection
	GlobalSection(ExtensibilityGlobals) = postSolution
		SolutionGuid = {FA28C332-C1FA-43BF-90A1-775BD9DC2247}
	EndGlobalSection
EndGlobal
